
Microsoft Visual Studio Solution File, Format Version 10.00
# Visual Studio 2008
Project("{8BC9CEB8-8B4A-11D0-8D11-00A0C91BC942}") = "viewer_test", "viewer_test.vcproj", "{189323FD-6439-4FAD-8121-E9D6DB3AEA40}"
EndProject
Global
	GlobalSection(SolutionConfigurationPlatforms) = preSolution
		Debug|Win32 = Debug|Win32
		Release|Win32 = Release|Win32
	EndGlobalSection
	GlobalSection(ProjectConfigurationPlatforms) = postSolution
		{189323FD-6439-4FAD-8121-E9D6DB3AEA40}.Debug|Win32.ActiveCfg = Debug|Win32
		{189323FD-6439-4FAD-8121-E9D6DB3AEA40}.Debug|Win32.Build.0 = Debug|Win32
		{189323FD-6439-4FAD-8121-E9D6DB3AEA40}.Release|Win32.ActiveCfg = Release|Win32
		{189323FD-6439-4FAD-8121-E9D6DB3AEA40}.Release|Win32.Build.0 = Release|Win32
	EndGlobalSection
	GlobalSection(SolutionProperties) = preSolution
		HideSolutionNode = FALSE
	EndGlobalSection
EndGlobal
